
Microsoft Visual Studio Solution File, Format Version 12.00
# Visual Studio Version 17
VisualStudioVersion = 17.4.33403.182
MinimumVisualStudioVersion = 10.0.40219.1
Project("{9A19103F-16F7-4668-BE54-9A1E7A4F7556}") = "Entidades", "Entidades\Entidades.csproj", "{8C30D0AB-C942-4104-8572-E9E27A3FF9FF}"
EndProject
Project("{9A19103F-16F7-4668-BE54-9A1E7A4F7556}") = "00-LINQ", "00-Linq\00-LINQ.csproj", "{1892C0B0-671B-454E-A809-DD1AC7892B1F}"
EndProject
Project("{9A19103F-16F7-4668-BE54-9A1E7A4F7556}") = "01_Consultas", "01_Consultas\01_Consultas.csproj", "{D3BD120E-6FCF-4A86-A874-EFE28C9C106E}"
EndProject
Project("{9A19103F-16F7-4668-BE54-9A1E7A4F7556}") = "03_Ejecucion_Diferida", "03_Ejecucion_Diferida\03_Ejecucion_Diferida.csproj", "{E0C93D48-3261-4459-990B-ED7D890DA34F}"
EndProject
Project("{9A19103F-16F7-4668-BE54-9A1E7A4F7556}") = "04_Ejecucion_Inmediata", "04_Ejecucion_Inmediata\04_Ejecucion_Inmediata.csproj", "{038E7CAC-6715-420E-A502-C90FF49703A5}"
EndProject
Project("{9A19103F-16F7-4668-BE54-9A1E7A4F7556}") = "02_Encadenamiento_Operadores", "02_Encadenamiento_Operadores\02_Encadenamiento_Operadores.csproj", "{3C503199-7AB3-4EA6-B962-1609AD6CDEDE}"
EndProject
Project("{9A19103F-16F7-4668-BE54-9A1E7A4F7556}") = "07_Operadores_Filtrado", "07_Operadores_Filtrado\07_Operadores_Filtrado.csproj", "{488EA620-9C32-4F4E-BC7C-9AA17353F769}"
EndProject
Project("{9A19103F-16F7-4668-BE54-9A1E7A4F7556}") = "08_Operadores_Ordenamiento", "08_Operadores_Ordenamiento\08_Operadores_Ordenamiento.csproj", "{7F6D0C01-FD21-4FAD-A1AA-3EE8A1AB6BD4}"
EndProject
Project("{9A19103F-16F7-4668-BE54-9A1E7A4F7556}") = "10_Operadores_Cuantificacion", "10_Operadores_Cuantificacion\10_Operadores_Cuantificacion.csproj", "{A6C5D4AD-9C45-49EC-960D-78BAC55B701D}"
EndProject
Project("{9A19103F-16F7-4668-BE54-9A1E7A4F7556}") = "11_Operadores_Agregacion", "11_Operadores_Agregacion\11_Operadores_Agregacion.csproj", "{9B48967A-6E02-4358-A85C-5D3B592EC88A}"
EndProject
Project("{9A19103F-16F7-4668-BE54-9A1E7A4F7556}") = "12_Operadores_Conversion", "12_Operadores_Conversion\12_Operadores_Conversion.csproj", "{847EAC7F-75CE-4E7D-8F35-73DA7722954D}"
EndProject
Project("{9A19103F-16F7-4668-BE54-9A1E7A4F7556}") = "13_Operadores_Particion", "13_Operadores_Particion\13_Operadores_Particion.csproj", "{B04C56AA-1F22-477C-A3A7-FE872F074AFE}"
EndProject
Project("{9A19103F-16F7-4668-BE54-9A1E7A4F7556}") = "09_Operadores_Agrupacion", "09_Operadores_Agrupacion\09_Operadores_Agrupacion.csproj", "{C65A10F2-3E03-4425-A5E7-D6EDCA32CA93}"
EndProject
Project("{9A19103F-16F7-4668-BE54-9A1E7A4F7556}") = "14_Operadores_Elemento", "14_Operadores_Elemento\14_Operadores_Elemento.csproj", "{C0D9C60D-8511-45B0-B56F-2E4DFDBA7B2E}"
EndProject
Project("{FAE04EC0-301F-11D3-BF4B-00C04F79EFBC}") = "15_Operadores_Proyeccion", "15_Operadores_Proyeccion\15_Operadores_Proyeccion.csproj", "{2CF2F45A-A40A-4122-A7B8-A18117566C84}"
EndProject
Project("{9A19103F-16F7-4668-BE54-9A1E7A4F7556}") = "05_Subconsultas_Correlacionadas", "05_Subconsultas_Correlacionadas\05_Subconsultas_Correlacionadas.csproj", "{92C5C7EC-556E-4E65-B1F9-B8705EAD0D77}"
EndProject
Project("{9A19103F-16F7-4668-BE54-9A1E7A4F7556}") = "06_Subconsultas_No_Correlacionadas", "06_Subconsultas_No_Correlacionadas\06_Subconsultas_No_Correlacionadas.csproj", "{D0B2F513-FA1E-4C8C-A72F-9CF88335523B}"
EndProject
Global
	GlobalSection(SolutionConfigurationPlatforms) = preSolution
		Debug|Any CPU = Debug|Any CPU
		Release|Any CPU = Release|Any CPU
	EndGlobalSection
	GlobalSection(ProjectConfigurationPlatforms) = postSolution
		{8C30D0AB-C942-4104-8572-E9E27A3FF9FF}.Debug|Any CPU.ActiveCfg = Debug|Any CPU
		{8C30D0AB-C942-4104-8572-E9E27A3FF9FF}.Debug|Any CPU.Build.0 = Debug|Any CPU
		{8C30D0AB-C942-4104-8572-E9E27A3FF9FF}.Release|Any CPU.ActiveCfg = Release|Any CPU
		{8C30D0AB-C942-4104-8572-E9E27A3FF9FF}.Release|Any CPU.Build.0 = Release|Any CPU
		{1892C0B0-671B-454E-A809-DD1AC7892B1F}.Debug|Any CPU.ActiveCfg = Debug|Any CPU
		{1892C0B0-671B-454E-A809-DD1AC7892B1F}.Debug|Any CPU.Build.0 = Debug|Any CPU
		{1892C0B0-671B-454E-A809-DD1AC7892B1F}.Release|Any CPU.ActiveCfg = Release|Any CPU
		{1892C0B0-671B-454E-A809-DD1AC7892B1F}.Release|Any CPU.Build.0 = Release|Any CPU
		{D3BD120E-6FCF-4A86-A874-EFE28C9C106E}.Debug|Any CPU.ActiveCfg = Debug|Any CPU
		{D3BD120E-6FCF-4A86-A874-EFE28C9C106E}.Debug|Any CPU.Build.0 = Debug|Any CPU
		{D3BD120E-6FCF-4A86-A874-EFE28C9C106E}.Release|Any CPU.ActiveCfg = Release|Any CPU
		{D3BD120E-6FCF-4A86-A874-EFE28C9C106E}.Release|Any CPU.Build.0 = Release|Any CPU
		{E0C93D48-3261-4459-990B-ED7D890DA34F}.Debug|Any CPU.ActiveCfg = Debug|Any CPU
		{E0C93D48-3261-4459-990B-ED7D890DA34F}.Debug|Any CPU.Build.0 = Debug|Any CPU
		{E0C93D48-3261-4459-990B-ED7D890DA34F}.Release|Any CPU.ActiveCfg = Release|Any CPU
		{E0C93D48-3261-4459-990B-ED7D890DA34F}.Release|Any CPU.Build.0 = Release|Any CPU
		{038E7CAC-6715-420E-A502-C90FF49703A5}.Debug|Any CPU.ActiveCfg = Debug|Any CPU
		{038E7CAC-6715-420E-A502-C90FF49703A5}.Debug|Any CPU.Build.0 = Debug|Any CPU
		{038E7CAC-6715-420E-A502-C90FF49703A5}.Release|Any CPU.ActiveCfg = Release|Any CPU
		{038E7CAC-6715-420E-A502-C90FF49703A5}.Release|Any CPU.Build.0 = Release|Any CPU
		{3C503199-7AB3-4EA6-B962-1609AD6CDEDE}.Debug|Any CPU.ActiveCfg = Debug|Any CPU
		{3C503199-7AB3-4EA6-B962-1609AD6CDEDE}.Debug|Any CPU.Build.0 = Debug|Any CPU
		{3C503199-7AB3-4EA6-B962-1609AD6CDEDE}.Release|Any CPU.ActiveCfg = Release|Any CPU
		{3C503199-7AB3-4EA6-B962-1609AD6CDEDE}.Release|Any CPU.Build.0 = Release|Any CPU
		{488EA620-9C32-4F4E-BC7C-9AA17353F769}.Debug|Any CPU.ActiveCfg = Debug|Any CPU
		{488EA620-9C32-4F4E-BC7C-9AA17353F769}.Debug|Any CPU.Build.0 = Debug|Any CPU
		{488EA620-9C32-4F4E-BC7C-9AA17353F769}.Release|Any CPU.ActiveCfg = Release|Any CPU
		{488EA620-9C32-4F4E-BC7C-9AA17353F769}.Release|Any CPU.Build.0 = Release|Any CPU
		{7F6D0C01-FD21-4FAD-A1AA-3EE8A1AB6BD4}.Debug|Any CPU.ActiveCfg = Debug|Any CPU
		{7F6D0C01-FD21-4FAD-A1AA-3EE8A1AB6BD4}.Debug|Any CPU.Build.0 = Debug|Any CPU
		{7F6D0C01-FD21-4FAD-A1AA-3EE8A1AB6BD4}.Release|Any CPU.ActiveCfg = Release|Any CPU
		{7F6D0C01-FD21-4FAD-A1AA-3EE8A1AB6BD4}.Release|Any CPU.Build.0 = Release|Any CPU
		{A6C5D4AD-9C45-49EC-960D-78BAC55B701D}.Debug|Any CPU.ActiveCfg = Debug|Any CPU
		{A6C5D4AD-9C45-49EC-960D-78BAC55B701D}.Debug|Any CPU.Build.0 = Debug|Any CPU
		{A6C5D4AD-9C45-49EC-960D-78BAC55B701D}.Release|Any CPU.ActiveCfg = Release|Any CPU
		{A6C5D4AD-9C45-49EC-960D-78BAC55B701D}.Release|Any CPU.Build.0 = Release|Any CPU
		{9B48967A-6E02-4358-A85C-5D3B592EC88A}.Debug|Any CPU.ActiveCfg = Debug|Any CPU
		{9B48967A-6E02-4358-A85C-5D3B592EC88A}.Debug|Any CPU.Build.0 = Debug|Any CPU
		{9B48967A-6E02-4358-A85C-5D3B592EC88A}.Release|Any CPU.ActiveCfg = Release|Any CPU
		{9B48967A-6E02-4358-A85C-5D3B592EC88A}.Release|Any CPU.Build.0 = Release|Any CPU
		{847EAC7F-75CE-4E7D-8F35-73DA7722954D}.Debug|Any CPU.ActiveCfg = Debug|Any CPU
		{847EAC7F-75CE-4E7D-8F35-73DA7722954D}.Debug|Any CPU.Build.0 = Debug|Any CPU
		{847EAC7F-75CE-4E7D-8F35-73DA7722954D}.Release|Any CPU.ActiveCfg = Release|Any CPU
		{847EAC7F-75CE-4E7D-8F35-73DA7722954D}.Release|Any CPU.Build.0 = Release|Any CPU
		{B04C56AA-1F22-477C-A3A7-FE872F074AFE}.Debug|Any CPU.ActiveCfg = Debug|Any CPU
		{B04C56AA-1F22-477C-A3A7-FE872F074AFE}.Debug|Any CPU.Build.0 = Debug|Any CPU
		{B04C56AA-1F22-477C-A3A7-FE872F074AFE}.Release|Any CPU.ActiveCfg = Release|Any CPU
		{B04C56AA-1F22-477C-A3A7-FE872F074AFE}.Release|Any CPU.Build.0 = Release|Any CPU
		{C65A10F2-3E03-4425-A5E7-D6EDCA32CA93}.Debug|Any CPU.ActiveCfg = Debug|Any CPU
		{C65A10F2-3E03-4425-A5E7-D6EDCA32CA93}.Debug|Any CPU.Build.0 = Debug|Any CPU
		{C65A10F2-3E03-4425-A5E7-D6EDCA32CA93}.Release|Any CPU.ActiveCfg = Release|Any CPU
		{C65A10F2-3E03-4425-A5E7-D6EDCA32CA93}.Release|Any CPU.Build.0 = Release|Any CPU
		{C0D9C60D-8511-45B0-B56F-2E4DFDBA7B2E}.Debug|Any CPU.ActiveCfg = Debug|Any CPU
		{C0D9C60D-8511-45B0-B56F-2E4DFDBA7B2E}.Debug|Any CPU.Build.0 = Debug|Any CPU
		{C0D9C60D-8511-45B0-B56F-2E4DFDBA7B2E}.Release|Any CPU.ActiveCfg = Release|Any CPU
		{C0D9C60D-8511-45B0-B56F-2E4DFDBA7B2E}.Release|Any CPU.Build.0 = Release|Any CPU
		{2CF2F45A-A40A-4122-A7B8-A18117566C84}.Debug|Any CPU.ActiveCfg = Debug|Any CPU
		{2CF2F45A-A40A-4122-A7B8-A18117566C84}.Debug|Any CPU.Build.0 = Debug|Any CPU
		{2CF2F45A-A40A-4122-A7B8-A18117566C84}.Release|Any CPU.ActiveCfg = Release|Any CPU
		{2CF2F45A-A40A-4122-A7B8-A18117566C84}.Release|Any CPU.Build.0 = Release|Any CPU
		{92C5C7EC-556E-4E65-B1F9-B8705EAD0D77}.Debug|Any CPU.ActiveCfg = Debug|Any CPU
		{92C5C7EC-556E-4E65-B1F9-B8705EAD0D77}.Debug|Any CPU.Build.0 = Debug|Any CPU
		{92C5C7EC-556E-4E65-B1F9-B8705EAD0D77}.Release|Any CPU.ActiveCfg = Release|Any CPU
		{92C5C7EC-556E-4E65-B1F9-B8705EAD0D77}.Release|Any CPU.Build.0 = Release|Any CPU
		{D0B2F513-FA1E-4C8C-A72F-9CF88335523B}.Debug|Any CPU.ActiveCfg = Debug|Any CPU
		{D0B2F513-FA1E-4C8C-A72F-9CF88335523B}.Debug|Any CPU.Build.0 = Debug|Any CPU
		{D0B2F513-FA1E-4C8C-A72F-9CF88335523B}.Release|Any CPU.ActiveCfg = Release|Any CPU
		{D0B2F513-FA1E-4C8C-A72F-9CF88335523B}.Release|Any CPU.Build.0 = Release|Any CPU
	EndGlobalSection
	GlobalSection(SolutionProperties) = preSolution
		HideSolutionNode = FALSE
	EndGlobalSection
	GlobalSection(ExtensibilityGlobals) = postSolution
		SolutionGuid = {13AD1E7D-4CD6-4F8D-BF77-2A9C82FB2908}
	EndGlobalSection
EndGlobal
